
Microsoft Visual Studio Solution File, Format Version 12.00
# Visual Studio 15
VisualStudioVersion = 15.0.27130.2036
MinimumVisualStudioVersion = 10.0.40219.1
Project("{FAE04EC0-301F-11D3-BF4B-00C04F79EFBC}") = "SportsStoreWebApi", "SportsStoreWebApi\SportsStoreWebApi.csproj", "{9EE96A3D-64B1-494F-919E-AE2E6F26B891}"
EndProject
Global
	GlobalSection(SolutionConfigurationPlatforms) = preSolution
		Debug|Any CPU = Debug|Any CPU
		Release|Any CPU = Release|Any CPU
	EndGlobalSection
	GlobalSection(ProjectConfigurationPlatforms) = postSolution
		{9EE96A3D-64B1-494F-919E-AE2E6F26B891}.Debug|Any CPU.ActiveCfg = Debug|Any CPU
		{9EE96A3D-64B1-494F-919E-AE2E6F26B891}.Debug|Any CPU.Build.0 = Debug|Any CPU
		{9EE96A3D-64B1-494F-919E-AE2E6F26B891}.Release|Any CPU.ActiveCfg = Release|Any CPU
		{9EE96A3D-64B1-494F-919E-AE2E6F26B891}.Release|Any CPU.Build.0 = Release|Any CPU
	EndGlobalSection
	GlobalSection(SolutionProperties) = preSolution
		HideSolutionNode = FALSE
	EndGlobalSection
	GlobalSection(ExtensibilityGlobals) = postSolution
		SolutionGuid = {DAD942D4-2C4C-4726-B499-3CA9C18D6418}
	EndGlobalSection
EndGlobal
